
Microsoft Visual Studio Solution File, Format Version 12.00
# Visual Studio 15
VisualStudioVersion = 15.0.28010.2003
MinimumVisualStudioVersion = 10.0.40219.1
Project("{8BC9CEB8-8B4A-11D0-8D11-00A0C91BC942}") = "Checksum_Algorithm", "Checksum_Algorithm\Checksum_Algorithm.vcxproj", "{528BD433-8652-44A7-80FA-7032CB46F977}"
EndProject
Global
	GlobalSection(SolutionConfigurationPlatforms) = preSolution
		Debug|x64 = Debug|x64
		Debug|x86 = Debug|x86
		Release|x64 = Release|x64
		Release|x86 = Release|x86
	EndGlobalSection
	GlobalSection(ProjectConfigurationPlatforms) = postSolution
		{528BD433-8652-44A7-80FA-7032CB46F977}.Debug|x64.ActiveCfg = Debug|x64
		{528BD433-8652-44A7-80FA-7032CB46F977}.Debug|x64.Build.0 = Debug|x64
		{528BD433-8652-44A7-80FA-7032CB46F977}.Debug|x86.ActiveCfg = Debug|Win32
		{528BD433-8652-44A7-80FA-7032CB46F977}.Debug|x86.Build.0 = Debug|Win32
		{528BD433-8652-44A7-80FA-7032CB46F977}.Release|x64.ActiveCfg = Release|x64
		{528BD433-8652-44A7-80FA-7032CB46F977}.Release|x64.Build.0 = Release|x64
		{528BD433-8652-44A7-80FA-7032CB46F977}.Release|x86.ActiveCfg = Release|Win32
		{528BD433-8652-44A7-80FA-7032CB46F977}.Release|x86.Build.0 = Release|Win32
	EndGlobalSection
	GlobalSection(SolutionProperties) = preSolution
		HideSolutionNode = FALSE
	EndGlobalSection
	GlobalSection(ExtensibilityGlobals) = postSolution
		SolutionGuid = {ED8C47E3-F14E-4475-87A7-DA2D0125DBF3}
	EndGlobalSection
EndGlobal
